
Microsoft Visual Studio Solution File, Format Version 12.00
# Visual Studio Version 17
VisualStudioVersion = 17.2.32526.322
MinimumVisualStudioVersion = 10.0.40219.1
Project("{2150E333-8FDC-42A3-9474-1A3956D46DE8}") = "Services", "Services", "{EC6D64E9-09EE-4658-9DB2-AF1ADA6937F1}"
EndProject
Project("{2150E333-8FDC-42A3-9474-1A3956D46DE8}") = "Web", "Web", "{A10ECCDA-5DB4-43F0-A9BF-6B321EDD573B}"
	ProjectSection(SolutionItems) = preProject
		__about.txt = __about.txt
	EndProjectSection
EndProject
Project("{E24C65DC-7377-472B-9ABA-BC803B73C61A}") = "Training.Kanban.UI", "src\Web\Training.Kanban.UI\", "{4BF1B114-34EB-4EB0-BACD-DD9EFFE29A53}"
	ProjectSection(WebsiteProperties) = preProject
		TargetFrameworkMoniker = ".NETFramework,Version%3Dv4.8"
		Debug.AspNetCompiler.VirtualPath = "/localhost_59767"
		Debug.AspNetCompiler.PhysicalPath = "src\Web\Training.Kanban.UI\"
		Debug.AspNetCompiler.TargetPath = "PrecompiledWeb\localhost_59767\"
		Debug.AspNetCompiler.Updateable = "true"
		Debug.AspNetCompiler.ForceOverwrite = "true"
		Debug.AspNetCompiler.FixedNames = "false"
		Debug.AspNetCompiler.Debug = "True"
		Release.AspNetCompiler.VirtualPath = "/localhost_59767"
		Release.AspNetCompiler.PhysicalPath = "src\Web\Training.Kanban.UI\"
		Release.AspNetCompiler.TargetPath = "PrecompiledWeb\localhost_59767\"
		Release.AspNetCompiler.Updateable = "true"
		Release.AspNetCompiler.ForceOverwrite = "true"
		Release.AspNetCompiler.FixedNames = "false"
		Release.AspNetCompiler.Debug = "False"
		VWDPort = "59767"
		SlnRelativePath = "src\Web\Training.Kanban.UI\"
	EndProjectSection
EndProject
Project("{2150E333-8FDC-42A3-9474-1A3956D46DE8}") = "Application", "Application", "{0E381D46-91A4-4BC2-8BA0-08FD5348CC4A}"
EndProject
Project("{2150E333-8FDC-42A3-9474-1A3956D46DE8}") = "Core", "Core", "{307024DD-7DEF-4B31-B085-4A2ACA5B8CCC}"
EndProject
Project("{2150E333-8FDC-42A3-9474-1A3956D46DE8}") = "Kanban", "Kanban", "{3F1E8379-F015-4CA8-8E37-84EFED989E20}"
EndProject
Project("{9A19103F-16F7-4668-BE54-9A1E7A4F7556}") = "Training.Kanban.Infraestructure", "src\Modules\Kanban\Training.Kanban.Infraestructure\Training.Kanban.Infraestructure.csproj", "{EB0EA759-CAED-40F9-A4A8-CEAE2161414E}"
EndProject
Project("{9A19103F-16F7-4668-BE54-9A1E7A4F7556}") = "Training.Kanban.Domain", "src\Modules\Kanban\Training.Kanban.Domain\Training.Kanban.Domain.csproj", "{63E95C89-6E91-45A7-B806-4EF95D8A0183}"
EndProject
Project("{9A19103F-16F7-4668-BE54-9A1E7A4F7556}") = "Training.Kanban.API", "src\Modules\Kanban\Training.Kanban.API\Training.Kanban.API.csproj", "{AB2B80C3-CB36-4F7E-829F-7C5824E890F0}"
EndProject
Project("{9A19103F-16F7-4668-BE54-9A1E7A4F7556}") = "Training.Kanban.Application", "src\Modules\Kanban\Training.Kanban.Application\Training.Kanban.Application.csproj", "{0F5FD422-6549-4208-A752-7CC1FC2B65DD}"
EndProject
Project("{9A19103F-16F7-4668-BE54-9A1E7A4F7556}") = "Training.Core", "src\Core\Training.Core\Training.Core.csproj", "{ADE3BC6A-B32F-401C-8BE2-7CC1B89F893D}"
EndProject
Project("{2150E333-8FDC-42A3-9474-1A3956D46DE8}") = "Authentication", "Authentication", "{431571C5-5327-43B0-8E85-FF379ED45C15}"
EndProject
Project("{9A19103F-16F7-4668-BE54-9A1E7A4F7556}") = "Training.Authentication.API", "src\Modules\Authentication\Training.Authentication.API\Training.Authentication.API.csproj", "{EC8B6853-34B8-46D1-A2EF-9DF69D2882DE}"
EndProject
Global
	GlobalSection(SolutionConfigurationPlatforms) = preSolution
		Debug|Any CPU = Debug|Any CPU
		Release|Any CPU = Release|Any CPU
	EndGlobalSection
	GlobalSection(ProjectConfigurationPlatforms) = postSolution
		{4BF1B114-34EB-4EB0-BACD-DD9EFFE29A53}.Debug|Any CPU.ActiveCfg = Debug|Any CPU
		{4BF1B114-34EB-4EB0-BACD-DD9EFFE29A53}.Debug|Any CPU.Build.0 = Debug|Any CPU
		{4BF1B114-34EB-4EB0-BACD-DD9EFFE29A53}.Release|Any CPU.ActiveCfg = Debug|Any CPU
		{4BF1B114-34EB-4EB0-BACD-DD9EFFE29A53}.Release|Any CPU.Build.0 = Debug|Any CPU
		{EB0EA759-CAED-40F9-A4A8-CEAE2161414E}.Debug|Any CPU.ActiveCfg = Debug|Any CPU
		{EB0EA759-CAED-40F9-A4A8-CEAE2161414E}.Debug|Any CPU.Build.0 = Debug|Any CPU
		{EB0EA759-CAED-40F9-A4A8-CEAE2161414E}.Release|Any CPU.ActiveCfg = Release|Any CPU
		{EB0EA759-CAED-40F9-A4A8-CEAE2161414E}.Release|Any CPU.Build.0 = Release|Any CPU
		{63E95C89-6E91-45A7-B806-4EF95D8A0183}.Debug|Any CPU.ActiveCfg = Debug|Any CPU
		{63E95C89-6E91-45A7-B806-4EF95D8A0183}.Debug|Any CPU.Build.0 = Debug|Any CPU
		{63E95C89-6E91-45A7-B806-4EF95D8A0183}.Release|Any CPU.ActiveCfg = Release|Any CPU
		{63E95C89-6E91-45A7-B806-4EF95D8A0183}.Release|Any CPU.Build.0 = Release|Any CPU
		{AB2B80C3-CB36-4F7E-829F-7C5824E890F0}.Debug|Any CPU.ActiveCfg = Debug|Any CPU
		{AB2B80C3-CB36-4F7E-829F-7C5824E890F0}.Debug|Any CPU.Build.0 = Debug|Any CPU
		{AB2B80C3-CB36-4F7E-829F-7C5824E890F0}.Release|Any CPU.ActiveCfg = Release|Any CPU
		{AB2B80C3-CB36-4F7E-829F-7C5824E890F0}.Release|Any CPU.Build.0 = Release|Any CPU
		{0F5FD422-6549-4208-A752-7CC1FC2B65DD}.Debug|Any CPU.ActiveCfg = Debug|Any CPU
		{0F5FD422-6549-4208-A752-7CC1FC2B65DD}.Debug|Any CPU.Build.0 = Debug|Any CPU
		{0F5FD422-6549-4208-A752-7CC1FC2B65DD}.Release|Any CPU.ActiveCfg = Release|Any CPU
		{0F5FD422-6549-4208-A752-7CC1FC2B65DD}.Release|Any CPU.Build.0 = Release|Any CPU
		{ADE3BC6A-B32F-401C-8BE2-7CC1B89F893D}.Debug|Any CPU.ActiveCfg = Debug|Any CPU
		{ADE3BC6A-B32F-401C-8BE2-7CC1B89F893D}.Debug|Any CPU.Build.0 = Debug|Any CPU
		{ADE3BC6A-B32F-401C-8BE2-7CC1B89F893D}.Release|Any CPU.ActiveCfg = Release|Any CPU
		{ADE3BC6A-B32F-401C-8BE2-7CC1B89F893D}.Release|Any CPU.Build.0 = Release|Any CPU
		{EC8B6853-34B8-46D1-A2EF-9DF69D2882DE}.Debug|Any CPU.ActiveCfg = Debug|Any CPU
		{EC8B6853-34B8-46D1-A2EF-9DF69D2882DE}.Debug|Any CPU.Build.0 = Debug|Any CPU
		{EC8B6853-34B8-46D1-A2EF-9DF69D2882DE}.Release|Any CPU.ActiveCfg = Release|Any CPU
		{EC8B6853-34B8-46D1-A2EF-9DF69D2882DE}.Release|Any CPU.Build.0 = Release|Any CPU
	EndGlobalSection
	GlobalSection(SolutionProperties) = preSolution
		HideSolutionNode = FALSE
	EndGlobalSection
	GlobalSection(NestedProjects) = preSolution
		{4BF1B114-34EB-4EB0-BACD-DD9EFFE29A53} = {A10ECCDA-5DB4-43F0-A9BF-6B321EDD573B}
		{3F1E8379-F015-4CA8-8E37-84EFED989E20} = {EC6D64E9-09EE-4658-9DB2-AF1ADA6937F1}
		{EB0EA759-CAED-40F9-A4A8-CEAE2161414E} = {3F1E8379-F015-4CA8-8E37-84EFED989E20}
		{63E95C89-6E91-45A7-B806-4EF95D8A0183} = {3F1E8379-F015-4CA8-8E37-84EFED989E20}
		{AB2B80C3-CB36-4F7E-829F-7C5824E890F0} = {3F1E8379-F015-4CA8-8E37-84EFED989E20}
		{0F5FD422-6549-4208-A752-7CC1FC2B65DD} = {3F1E8379-F015-4CA8-8E37-84EFED989E20}
		{ADE3BC6A-B32F-401C-8BE2-7CC1B89F893D} = {307024DD-7DEF-4B31-B085-4A2ACA5B8CCC}
		{431571C5-5327-43B0-8E85-FF379ED45C15} = {EC6D64E9-09EE-4658-9DB2-AF1ADA6937F1}
		{EC8B6853-34B8-46D1-A2EF-9DF69D2882DE} = {431571C5-5327-43B0-8E85-FF379ED45C15}
	EndGlobalSection
	GlobalSection(ExtensibilityGlobals) = postSolution
		SolutionGuid = {3F42C87D-E3DE-4C11-B7F1-C70F80DF9DDA}
	EndGlobalSection
EndGlobal
