
Microsoft Visual Studio Solution File, Format Version 12.00
# Visual Studio Version 17
VisualStudioVersion = 17.2.32526.322
MinimumVisualStudioVersion = 10.0.40219.1
Project("{2150E333-8FDC-42A3-9474-1A3956D46DE8}") = "Services", "Services", "{EC6D64E9-09EE-4658-9DB2-AF1ADA6937F1}"
EndProject
Project("{2150E333-8FDC-42A3-9474-1A3956D46DE8}") = "Web", "Web", "{A10ECCDA-5DB4-43F0-A9BF-6B321EDD573B}"
	ProjectSection(SolutionItems) = preProject
		__about.txt = __about.txt
	EndProjectSection
EndProject
Project("{E24C65DC-7377-472B-9ABA-BC803B73C61A}") = "Training.Kanban.UI", "src\Web\Training.Kanban.UI\", "{4BF1B114-34EB-4EB0-BACD-DD9EFFE29A53}"
	ProjectSection(WebsiteProperties) = preProject
		TargetFrameworkMoniker = ".NETFramework,Version%3Dv4.8"
		Debug.AspNetCompiler.VirtualPath = "/localhost_59767"
		Debug.AspNetCompiler.PhysicalPath = "src\Web\Training.Kanban.UI\"
		Debug.AspNetCompiler.TargetPath = "PrecompiledWeb\localhost_59767\"
		Debug.AspNetCompiler.Updateable = "true"
		Debug.AspNetCompiler.ForceOverwrite = "true"
		Debug.AspNetCompiler.FixedNames = "false"
		Debug.AspNetCompiler.Debug = "True"
		Release.AspNetCompiler.VirtualPath = "/localhost_59767"
		Release.AspNetCompiler.PhysicalPath = "src\Web\Training.Kanban.UI\"
		Release.AspNetCompiler.TargetPath = "PrecompiledWeb\localhost_59767\"
		Release.AspNetCompiler.Updateable = "true"
		Release.AspNetCompiler.ForceOverwrite = "true"
		Release.AspNetCompiler.FixedNames = "false"
		Release.AspNetCompiler.Debug = "False"
		VWDPort = "59767"
		SlnRelativePath = "src\Web\Training.Kanban.UI\"
	EndProjectSection
EndProject
Project("{2150E333-8FDC-42A3-9474-1A3956D46DE8}") = "Application", "Application", "{0E381D46-91A4-4BC2-8BA0-08FD5348CC4A}"
EndProject
Project("{2150E333-8FDC-42A3-9474-1A3956D46DE8}") = "Core", "Core", "{307024DD-7DEF-4B31-B085-4A2ACA5B8CCC}"
EndProject
Project("{2150E333-8FDC-42A3-9474-1A3956D46DE8}") = "Kanban", "Kanban", "{3F1E8379-F015-4CA8-8E37-84EFED989E20}"
EndProject
Project("{9A19103F-16F7-4668-BE54-9A1E7A4F7556}") = "Training.Core", "src\Core\Training.Core\Training.Core.csproj", "{ADE3BC6A-B32F-401C-8BE2-7CC1B89F893D}"
EndProject
Project("{9A19103F-16F7-4668-BE54-9A1E7A4F7556}") = "Training.Kanban.API", "src\Services\Kanban\Training.Kanban.API\Training.Kanban.API.csproj", "{7305C877-B939-424F-A97D-F6AEA5A46B6C}"
EndProject
Project("{9A19103F-16F7-4668-BE54-9A1E7A4F7556}") = "Training.Kanban.Application", "src\Services\Kanban\Training.Kanban.Application\Training.Kanban.Application.csproj", "{3DA718F4-CB25-4E2E-9A59-698EC07823A7}"
EndProject
Project("{9A19103F-16F7-4668-BE54-9A1E7A4F7556}") = "Training.Kanban.Domain", "src\Services\Kanban\Training.Kanban.Domain\Training.Kanban.Domain.csproj", "{ABE70EC4-B5E0-403F-A062-6D20EF49BD36}"
EndProject
Project("{9A19103F-16F7-4668-BE54-9A1E7A4F7556}") = "Training.Kanban.Infraestructure", "src\Services\Kanban\Training.Kanban.Infraestructure\Training.Kanban.Infraestructure.csproj", "{F30BB833-9352-4EB0-AFDF-A5444DB7E2CA}"
EndProject
Global
	GlobalSection(SolutionConfigurationPlatforms) = preSolution
		Debug|Any CPU = Debug|Any CPU
		Release|Any CPU = Release|Any CPU
	EndGlobalSection
	GlobalSection(ProjectConfigurationPlatforms) = postSolution
		{4BF1B114-34EB-4EB0-BACD-DD9EFFE29A53}.Debug|Any CPU.ActiveCfg = Debug|Any CPU
		{4BF1B114-34EB-4EB0-BACD-DD9EFFE29A53}.Debug|Any CPU.Build.0 = Debug|Any CPU
		{4BF1B114-34EB-4EB0-BACD-DD9EFFE29A53}.Release|Any CPU.ActiveCfg = Debug|Any CPU
		{4BF1B114-34EB-4EB0-BACD-DD9EFFE29A53}.Release|Any CPU.Build.0 = Debug|Any CPU
		{ADE3BC6A-B32F-401C-8BE2-7CC1B89F893D}.Debug|Any CPU.ActiveCfg = Debug|Any CPU
		{ADE3BC6A-B32F-401C-8BE2-7CC1B89F893D}.Debug|Any CPU.Build.0 = Debug|Any CPU
		{ADE3BC6A-B32F-401C-8BE2-7CC1B89F893D}.Release|Any CPU.ActiveCfg = Release|Any CPU
		{ADE3BC6A-B32F-401C-8BE2-7CC1B89F893D}.Release|Any CPU.Build.0 = Release|Any CPU
		{7305C877-B939-424F-A97D-F6AEA5A46B6C}.Debug|Any CPU.ActiveCfg = Debug|Any CPU
		{7305C877-B939-424F-A97D-F6AEA5A46B6C}.Debug|Any CPU.Build.0 = Debug|Any CPU
		{7305C877-B939-424F-A97D-F6AEA5A46B6C}.Release|Any CPU.ActiveCfg = Release|Any CPU
		{7305C877-B939-424F-A97D-F6AEA5A46B6C}.Release|Any CPU.Build.0 = Release|Any CPU
		{3DA718F4-CB25-4E2E-9A59-698EC07823A7}.Debug|Any CPU.ActiveCfg = Debug|Any CPU
		{3DA718F4-CB25-4E2E-9A59-698EC07823A7}.Debug|Any CPU.Build.0 = Debug|Any CPU
		{3DA718F4-CB25-4E2E-9A59-698EC07823A7}.Release|Any CPU.ActiveCfg = Release|Any CPU
		{3DA718F4-CB25-4E2E-9A59-698EC07823A7}.Release|Any CPU.Build.0 = Release|Any CPU
		{ABE70EC4-B5E0-403F-A062-6D20EF49BD36}.Debug|Any CPU.ActiveCfg = Debug|Any CPU
		{ABE70EC4-B5E0-403F-A062-6D20EF49BD36}.Debug|Any CPU.Build.0 = Debug|Any CPU
		{ABE70EC4-B5E0-403F-A062-6D20EF49BD36}.Release|Any CPU.ActiveCfg = Release|Any CPU
		{ABE70EC4-B5E0-403F-A062-6D20EF49BD36}.Release|Any CPU.Build.0 = Release|Any CPU
		{F30BB833-9352-4EB0-AFDF-A5444DB7E2CA}.Debug|Any CPU.ActiveCfg = Debug|Any CPU
		{F30BB833-9352-4EB0-AFDF-A5444DB7E2CA}.Debug|Any CPU.Build.0 = Debug|Any CPU
		{F30BB833-9352-4EB0-AFDF-A5444DB7E2CA}.Release|Any CPU.ActiveCfg = Release|Any CPU
		{F30BB833-9352-4EB0-AFDF-A5444DB7E2CA}.Release|Any CPU.Build.0 = Release|Any CPU
	EndGlobalSection
	GlobalSection(SolutionProperties) = preSolution
		HideSolutionNode = FALSE
	EndGlobalSection
	GlobalSection(NestedProjects) = preSolution
		{4BF1B114-34EB-4EB0-BACD-DD9EFFE29A53} = {A10ECCDA-5DB4-43F0-A9BF-6B321EDD573B}
		{3F1E8379-F015-4CA8-8E37-84EFED989E20} = {EC6D64E9-09EE-4658-9DB2-AF1ADA6937F1}
		{ADE3BC6A-B32F-401C-8BE2-7CC1B89F893D} = {307024DD-7DEF-4B31-B085-4A2ACA5B8CCC}
		{7305C877-B939-424F-A97D-F6AEA5A46B6C} = {3F1E8379-F015-4CA8-8E37-84EFED989E20}
		{3DA718F4-CB25-4E2E-9A59-698EC07823A7} = {3F1E8379-F015-4CA8-8E37-84EFED989E20}
		{ABE70EC4-B5E0-403F-A062-6D20EF49BD36} = {3F1E8379-F015-4CA8-8E37-84EFED989E20}
		{F30BB833-9352-4EB0-AFDF-A5444DB7E2CA} = {3F1E8379-F015-4CA8-8E37-84EFED989E20}
	EndGlobalSection
	GlobalSection(ExtensibilityGlobals) = postSolution
		SolutionGuid = {3F42C87D-E3DE-4C11-B7F1-C70F80DF9DDA}
	EndGlobalSection
EndGlobal
