
Microsoft Visual Studio Solution File, Format Version 12.00
# Visual Studio Version 16
VisualStudioVersion = 16.0.32106.194
MinimumVisualStudioVersion = 10.0.40219.1
Project("{2150E333-8FDC-42A3-9474-1A3956D46DE8}") = "Modules", "Modules", "{EC6D64E9-09EE-4658-9DB2-AF1ADA6937F1}"
EndProject
Project("{2150E333-8FDC-42A3-9474-1A3956D46DE8}") = "Web", "Web", "{A10ECCDA-5DB4-43F0-A9BF-6B321EDD573B}"
	ProjectSection(SolutionItems) = preProject
		__about.txt = __about.txt
	EndProjectSection
EndProject
Project("{E24C65DC-7377-472B-9ABA-BC803B73C61A}") = "Training.Kanban.UI", "src\Web\Training.Kanban.UI\", "{4BF1B114-34EB-4EB0-BACD-DD9EFFE29A53}"
	ProjectSection(WebsiteProperties) = preProject
		TargetFrameworkMoniker = ".NETFramework,Version%3Dv4.0"
		Debug.AspNetCompiler.VirtualPath = "/localhost_59767"
		Debug.AspNetCompiler.PhysicalPath = "src\Web\Training.Kanban.UI\"
		Debug.AspNetCompiler.TargetPath = "PrecompiledWeb\localhost_59767\"
		Debug.AspNetCompiler.Updateable = "true"
		Debug.AspNetCompiler.ForceOverwrite = "true"
		Debug.AspNetCompiler.FixedNames = "false"
		Debug.AspNetCompiler.Debug = "True"
		Release.AspNetCompiler.VirtualPath = "/localhost_59767"
		Release.AspNetCompiler.PhysicalPath = "src\Web\Training.Kanban.UI\"
		Release.AspNetCompiler.TargetPath = "PrecompiledWeb\localhost_59767\"
		Release.AspNetCompiler.Updateable = "true"
		Release.AspNetCompiler.ForceOverwrite = "true"
		Release.AspNetCompiler.FixedNames = "false"
		Release.AspNetCompiler.Debug = "False"
		VWDPort = "59767"
		SlnRelativePath = "src\Web\Training.Kanban.UI\"
	EndProjectSection
EndProject
Project("{2150E333-8FDC-42A3-9474-1A3956D46DE8}") = "Gerenciador_Contas", "Gerenciador_Contas", "{14AE5D6D-9A2A-4A20-BE54-2AEA46EC06C0}"
EndProject
Project("{2150E333-8FDC-42A3-9474-1A3956D46DE8}") = "Kanban", "Kanban", "{863E5AE5-D149-4816-B7DC-07D9AC85AF3A}"
EndProject
Project("{FAE04EC0-301F-11D3-BF4B-00C04F79EFBC}") = "Training.Kanban.API", "src\Modules\Kanban\Training.Kanban.API\Training.Kanban.API.csproj", "{A54C61B0-38C6-4AC8-86E7-2971CA814F79}"
EndProject
Project("{FAE04EC0-301F-11D3-BF4B-00C04F79EFBC}") = "Training.Kanban.Core", "src\Training.Kanban.Core\Training.Kanban.Core.csproj", "{176070B5-C456-466E-B059-52F2F77968D6}"
EndProject
Global
	GlobalSection(SolutionConfigurationPlatforms) = preSolution
		Debug|Any CPU = Debug|Any CPU
		Release|Any CPU = Release|Any CPU
	EndGlobalSection
	GlobalSection(ProjectConfigurationPlatforms) = postSolution
		{4BF1B114-34EB-4EB0-BACD-DD9EFFE29A53}.Debug|Any CPU.ActiveCfg = Debug|Any CPU
		{4BF1B114-34EB-4EB0-BACD-DD9EFFE29A53}.Debug|Any CPU.Build.0 = Debug|Any CPU
		{4BF1B114-34EB-4EB0-BACD-DD9EFFE29A53}.Release|Any CPU.ActiveCfg = Debug|Any CPU
		{4BF1B114-34EB-4EB0-BACD-DD9EFFE29A53}.Release|Any CPU.Build.0 = Debug|Any CPU
		{A54C61B0-38C6-4AC8-86E7-2971CA814F79}.Debug|Any CPU.ActiveCfg = Debug|Any CPU
		{A54C61B0-38C6-4AC8-86E7-2971CA814F79}.Debug|Any CPU.Build.0 = Debug|Any CPU
		{A54C61B0-38C6-4AC8-86E7-2971CA814F79}.Release|Any CPU.ActiveCfg = Release|Any CPU
		{A54C61B0-38C6-4AC8-86E7-2971CA814F79}.Release|Any CPU.Build.0 = Release|Any CPU
		{176070B5-C456-466E-B059-52F2F77968D6}.Debug|Any CPU.ActiveCfg = Debug|Any CPU
		{176070B5-C456-466E-B059-52F2F77968D6}.Debug|Any CPU.Build.0 = Debug|Any CPU
		{176070B5-C456-466E-B059-52F2F77968D6}.Release|Any CPU.ActiveCfg = Release|Any CPU
		{176070B5-C456-466E-B059-52F2F77968D6}.Release|Any CPU.Build.0 = Release|Any CPU
	EndGlobalSection
	GlobalSection(SolutionProperties) = preSolution
		HideSolutionNode = FALSE
	EndGlobalSection
	GlobalSection(NestedProjects) = preSolution
		{4BF1B114-34EB-4EB0-BACD-DD9EFFE29A53} = {A10ECCDA-5DB4-43F0-A9BF-6B321EDD573B}
		{14AE5D6D-9A2A-4A20-BE54-2AEA46EC06C0} = {EC6D64E9-09EE-4658-9DB2-AF1ADA6937F1}
		{863E5AE5-D149-4816-B7DC-07D9AC85AF3A} = {EC6D64E9-09EE-4658-9DB2-AF1ADA6937F1}
		{A54C61B0-38C6-4AC8-86E7-2971CA814F79} = {863E5AE5-D149-4816-B7DC-07D9AC85AF3A}
	EndGlobalSection
	GlobalSection(ExtensibilityGlobals) = postSolution
		SolutionGuid = {3F42C87D-E3DE-4C11-B7F1-C70F80DF9DDA}
	EndGlobalSection
EndGlobal
